// !$*UTF8*$!
{
	archiveVersion = 1;
	classes = {
	};
	objectVersion = 50;
	objects = {

/* Begin PBXBuildFile section */
		627C57B2262B2D7600E72DC8 /* FructusApp.swift in Sources */ = {isa = PBXBuildFile; fileRef = 627C57B1262B2D7600E72DC8 /* FructusApp.swift */; };
		627C57B4262B2D7600E72DC8 /* ContentView.swift in Sources */ = {isa = PBXBuildFile; fileRef = 627C57B3262B2D7600E72DC8 /* ContentView.swift */; };
		627C57B6262B2D7700E72DC8 /* Assets.xcassets in Resources */ = {isa = PBXBuildFile; fileRef = 627C57B5262B2D7700E72DC8 /* Assets.xcassets */; };
		627C57B9262B2D7700E72DC8 /* Preview Assets.xcassets in Resources */ = {isa = PBXBuildFile; fileRef = 627C57B8262B2D7700E72DC8 /* Preview Assets.xcassets */; };
		627C57C6262B515200E72DC8 /* FruitCardView.swift in Sources */ = {isa = PBXBuildFile; fileRef = 627C57C5262B515200E72DC8 /* FruitCardView.swift */; };
		627C57C9262B58E500E72DC8 /* StartButtonView.swift in Sources */ = {isa = PBXBuildFile; fileRef = 627C57C8262B58E500E72DC8 /* StartButtonView.swift */; };
		627C57CC262B603D00E72DC8 /* OnboardingView.swift in Sources */ = {isa = PBXBuildFile; fileRef = 627C57CB262B603D00E72DC8 /* OnboardingView.swift */; };
		627C57D0262B68B700E72DC8 /* FruitModel.swift in Sources */ = {isa = PBXBuildFile; fileRef = 627C57CF262B68B700E72DC8 /* FruitModel.swift */; };
		627C57D5262B6BA400E72DC8 /* FruitData.swift in Sources */ = {isa = PBXBuildFile; fileRef = 627C57D4262B6BA400E72DC8 /* FruitData.swift */; };
		627C57D9262B8E5600E72DC8 /* FruitRowView.swift in Sources */ = {isa = PBXBuildFile; fileRef = 627C57D8262B8E5600E72DC8 /* FruitRowView.swift */; };
		62D7A78D262D94A10066532C /* FruitDetailView.swift in Sources */ = {isa = PBXBuildFile; fileRef = 62D7A78C262D94A10066532C /* FruitDetailView.swift */; };
		62D7A790262D9C550066532C /* FruitHeaderView.swift in Sources */ = {isa = PBXBuildFile; fileRef = 62D7A78F262D9C550066532C /* FruitHeaderView.swift */; };
		62D7A797262DC3170066532C /* SourceLinkView.swift in Sources */ = {isa = PBXBuildFile; fileRef = 62D7A796262DC3170066532C /* SourceLinkView.swift */; };
		62D7A79A262DC7230066532C /* FruitNutrientsView.swift in Sources */ = {isa = PBXBuildFile; fileRef = 62D7A799262DC7230066532C /* FruitNutrientsView.swift */; };
		62D7A79D262DEA6D0066532C /* SettingsView.swift in Sources */ = {isa = PBXBuildFile; fileRef = 62D7A79C262DEA6D0066532C /* SettingsView.swift */; };
		62D7A7A0262DF2BF0066532C /* SettingsLabelView.swift in Sources */ = {isa = PBXBuildFile; fileRef = 62D7A79F262DF2BF0066532C /* SettingsLabelView.swift */; };
		62D7A7A3262DF9600066532C /* SettingsRowView.swift in Sources */ = {isa = PBXBuildFile; fileRef = 62D7A7A2262DF9600066532C /* SettingsRowView.swift */; };
/* End PBXBuildFile section */

/* Begin PBXFileReference section */
		627C57AE262B2D7600E72DC8 /* Fructus.app */ = {isa = PBXFileReference; explicitFileType = wrapper.application; includeInIndex = 0; path = Fructus.app; sourceTree = BUILT_PRODUCTS_DIR; };
		627C57B1262B2D7600E72DC8 /* FructusApp.swift */ = {isa = PBXFileReference; lastKnownFileType = sourcecode.swift; path = FructusApp.swift; sourceTree = "<group>"; };
		627C57B3262B2D7600E72DC8 /* ContentView.swift */ = {isa = PBXFileReference; lastKnownFileType = sourcecode.swift; path = ContentView.swift; sourceTree = "<group>"; };
		627C57B5262B2D7700E72DC8 /* Assets.xcassets */ = {isa = PBXFileReference; lastKnownFileType = folder.assetcatalog; path = Assets.xcassets; sourceTree = "<group>"; };
		627C57B8262B2D7700E72DC8 /* Preview Assets.xcassets */ = {isa = PBXFileReference; lastKnownFileType = folder.assetcatalog; path = "Preview Assets.xcassets"; sourceTree = "<group>"; };
		627C57BA262B2D7700E72DC8 /* Info.plist */ = {isa = PBXFileReference; lastKnownFileType = text.plist.xml; path = Info.plist; sourceTree = "<group>"; };
		627C57C5262B515200E72DC8 /* FruitCardView.swift */ = {isa = PBXFileReference; lastKnownFileType = sourcecode.swift; path = FruitCardView.swift; sourceTree = "<group>"; };
		627C57C8262B58E500E72DC8 /* StartButtonView.swift */ = {isa = PBXFileReference; lastKnownFileType = sourcecode.swift; path = StartButtonView.swift; sourceTree = "<group>"; };
		627C57CB262B603D00E72DC8 /* OnboardingView.swift */ = {isa = PBXFileReference; lastKnownFileType = sourcecode.swift; path = OnboardingView.swift; sourceTree = "<group>"; };
		627C57CF262B68B700E72DC8 /* FruitModel.swift */ = {isa = PBXFileReference; lastKnownFileType = sourcecode.swift; path = FruitModel.swift; sourceTree = "<group>"; };
		627C57D4262B6BA400E72DC8 /* FruitData.swift */ = {isa = PBXFileReference; lastKnownFileType = sourcecode.swift; path = FruitData.swift; sourceTree = "<group>"; };
		627C57D8262B8E5600E72DC8 /* FruitRowView.swift */ = {isa = PBXFileReference; lastKnownFileType = sourcecode.swift; path = FruitRowView.swift; sourceTree = "<group>"; };
		62D7A78C262D94A10066532C /* FruitDetailView.swift */ = {isa = PBXFileReference; lastKnownFileType = sourcecode.swift; path = FruitDetailView.swift; sourceTree = "<group>"; };
		62D7A78F262D9C550066532C /* FruitHeaderView.swift */ = {isa = PBXFileReference; lastKnownFileType = sourcecode.swift; path = FruitHeaderView.swift; sourceTree = "<group>"; };
		62D7A796262DC3170066532C /* SourceLinkView.swift */ = {isa = PBXFileReference; lastKnownFileType = sourcecode.swift; path = SourceLinkView.swift; sourceTree = "<group>"; };
		62D7A799262DC7230066532C /* FruitNutrientsView.swift */ = {isa = PBXFileReference; lastKnownFileType = sourcecode.swift; path = FruitNutrientsView.swift; sourceTree = "<group>"; };
		62D7A79C262DEA6D0066532C /* SettingsView.swift */ = {isa = PBXFileReference; lastKnownFileType = sourcecode.swift; path = SettingsView.swift; sourceTree = "<group>"; };
		62D7A79F262DF2BF0066532C /* SettingsLabelView.swift */ = {isa = PBXFileReference; lastKnownFileType = sourcecode.swift; path = SettingsLabelView.swift; sourceTree = "<group>"; };
		62D7A7A2262DF9600066532C /* SettingsRowView.swift */ = {isa = PBXFileReference; lastKnownFileType = sourcecode.swift; name = SettingsRowView.swift; path = Fructus/App/SettingsRowView.swift; sourceTree = SOURCE_ROOT; };
/* End PBXFileReference section */

/* Begin PBXFrameworksBuildPhase section */
		627C57AB262B2D7600E72DC8 /* Frameworks */ = {
			isa = PBXFrameworksBuildPhase;
			buildActionMask = 2147483647;
			files = (
			);
			runOnlyForDeploymentPostprocessing = 0;
		};
/* End PBXFrameworksBuildPhase section */

/* Begin PBXGroup section */
		627C57A5262B2D7600E72DC8 = {
			isa = PBXGroup;
			children = (
				627C57B0262B2D7600E72DC8 /* Fructus */,
				627C57AF262B2D7600E72DC8 /* Products */,
			);
			sourceTree = "<group>";
		};
		627C57AF262B2D7600E72DC8 /* Products */ = {
			isa = PBXGroup;
			children = (
				627C57AE262B2D7600E72DC8 /* Fructus.app */,
			);
			name = Products;
			sourceTree = "<group>";
		};
		627C57B0262B2D7600E72DC8 /* Fructus */ = {
			isa = PBXGroup;
			children = (
				627C57C2262B50B900E72DC8 /* App */,
				627C57B5262B2D7700E72DC8 /* Assets.xcassets */,
				627C57D3262B6B8300E72DC8 /* Data */,
				627C57BA262B2D7700E72DC8 /* Info.plist */,
				627C57CE262B687B00E72DC8 /* Model */,
				627C57B7262B2D7700E72DC8 /* Preview Content */,
				627C57C4262B510700E72DC8 /* View */,
			);
			path = Fructus;
			sourceTree = "<group>";
		};
		627C57B7262B2D7700E72DC8 /* Preview Content */ = {
			isa = PBXGroup;
			children = (
				627C57B8262B2D7700E72DC8 /* Preview Assets.xcassets */,
			);
			path = "Preview Content";
			sourceTree = "<group>";
		};
		627C57C2262B50B900E72DC8 /* App */ = {
			isa = PBXGroup;
			children = (
				627C57B1262B2D7600E72DC8 /* FructusApp.swift */,
				627C57B3262B2D7600E72DC8 /* ContentView.swift */,
				627C57CB262B603D00E72DC8 /* OnboardingView.swift */,
				62D7A78C262D94A10066532C /* FruitDetailView.swift */,
				62D7A79C262DEA6D0066532C /* SettingsView.swift */,
			);
			path = App;
			sourceTree = "<group>";
		};
		627C57C4262B510700E72DC8 /* View */ = {
			isa = PBXGroup;
			children = (
				62D7A7A2262DF9600066532C /* SettingsRowView.swift */,
				627C57C5262B515200E72DC8 /* FruitCardView.swift */,
				627C57C8262B58E500E72DC8 /* StartButtonView.swift */,
				627C57D8262B8E5600E72DC8 /* FruitRowView.swift */,
				62D7A78F262D9C550066532C /* FruitHeaderView.swift */,
				62D7A796262DC3170066532C /* SourceLinkView.swift */,
				62D7A799262DC7230066532C /* FruitNutrientsView.swift */,
				62D7A79F262DF2BF0066532C /* SettingsLabelView.swift */,
			);
			path = View;
			sourceTree = "<group>";
		};
		627C57CE262B687B00E72DC8 /* Model */ = {
			isa = PBXGroup;
			children = (
				627C57CF262B68B700E72DC8 /* FruitModel.swift */,
			);
			path = Model;
			sourceTree = "<group>";
		};
		627C57D3262B6B8300E72DC8 /* Data */ = {
			isa = PBXGroup;
			children = (
				627C57D4262B6BA400E72DC8 /* FruitData.swift */,
			);
			path = Data;
			sourceTree = "<group>";
		};
/* End PBXGroup section */

/* Begin PBXNativeTarget section */
		627C57AD262B2D7600E72DC8 /* Fructus */ = {
			isa = PBXNativeTarget;
			buildConfigurationList = 627C57BD262B2D7700E72DC8 /* Build configuration list for PBXNativeTarget "Fructus" */;
			buildPhases = (
				627C57AA262B2D7600E72DC8 /* Sources */,
				627C57AB262B2D7600E72DC8 /* Frameworks */,
				627C57AC262B2D7600E72DC8 /* Resources */,
			);
			buildRules = (
			);
			dependencies = (
			);
			name = Fructus;
			productName = Fructus;
			productReference = 627C57AE262B2D7600E72DC8 /* Fructus.app */;
			productType = "com.apple.product-type.application";
		};
/* End PBXNativeTarget section */

/* Begin PBXProject section */
		627C57A6262B2D7600E72DC8 /* Project object */ = {
			isa = PBXProject;
			attributes = {
				LastSwiftUpdateCheck = 1240;
				LastUpgradeCheck = 1240;
				TargetAttributes = {
					627C57AD262B2D7600E72DC8 = {
						CreatedOnToolsVersion = 12.4;
					};
				};
			};
			buildConfigurationList = 627C57A9262B2D7600E72DC8 /* Build configuration list for PBXProject "Fructus" */;
			compatibilityVersion = "Xcode 9.3";
			developmentRegion = en;
			hasScannedForEncodings = 0;
			knownRegions = (
				en,
				Base,
			);
			mainGroup = 627C57A5262B2D7600E72DC8;
			productRefGroup = 627C57AF262B2D7600E72DC8 /* Products */;
			projectDirPath = "";
			projectRoot = "";
			targets = (
				627C57AD262B2D7600E72DC8 /* Fructus */,
			);
		};
/* End PBXProject section */

/* Begin PBXResourcesBuildPhase section */
		627C57AC262B2D7600E72DC8 /* Resources */ = {
			isa = PBXResourcesBuildPhase;
			buildActionMask = 2147483647;
			files = (
				627C57B9262B2D7700E72DC8 /* Preview Assets.xcassets in Resources */,
				627C57B6262B2D7700E72DC8 /* Assets.xcassets in Resources */,
			);
			runOnlyForDeploymentPostprocessing = 0;
		};
/* End PBXResourcesBuildPhase section */

/* Begin PBXSourcesBuildPhase section */
		627C57AA262B2D7600E72DC8 /* Sources */ = {
			isa = PBXSourcesBuildPhase;
			buildActionMask = 2147483647;
			files = (
				627C57D5262B6BA400E72DC8 /* FruitData.swift in Sources */,
				62D7A797262DC3170066532C /* SourceLinkView.swift in Sources */,
				62D7A7A3262DF9600066532C /* SettingsRowView.swift in Sources */,
				627C57C6262B515200E72DC8 /* FruitCardView.swift in Sources */,
				627C57D9262B8E5600E72DC8 /* FruitRowView.swift in Sources */,
				62D7A79A262DC7230066532C /* FruitNutrientsView.swift in Sources */,
				627C57C9262B58E500E72DC8 /* StartButtonView.swift in Sources */,
				62D7A78D262D94A10066532C /* FruitDetailView.swift in Sources */,
				627C57B4262B2D7600E72DC8 /* ContentView.swift in Sources */,
				62D7A790262D9C550066532C /* FruitHeaderView.swift in Sources */,
				627C57CC262B603D00E72DC8 /* OnboardingView.swift in Sources */,
				62D7A7A0262DF2BF0066532C /* SettingsLabelView.swift in Sources */,
				627C57D0262B68B700E72DC8 /* FruitModel.swift in Sources */,
				627C57B2262B2D7600E72DC8 /* FructusApp.swift in Sources */,
				62D7A79D262DEA6D0066532C /* SettingsView.swift in Sources */,
			);
			runOnlyForDeploymentPostprocessing = 0;
		};
/* End PBXSourcesBuildPhase section */

/* Begin XCBuildConfiguration section */
		627C57BB262B2D7700E72DC8 /* Debug */ = {
			isa = XCBuildConfiguration;
			buildSettings = {
				ALWAYS_SEARCH_USER_PATHS = NO;
				CLANG_ANALYZER_NONNULL = YES;
				CLANG_ANALYZER_NUMBER_OBJECT_CONVERSION = YES_AGGRESSIVE;
				CLANG_CXX_LANGUAGE_STANDARD = "gnu++14";
				CLANG_CXX_LIBRARY = "libc++";
				CLANG_ENABLE_MODULES = YES;
				CLANG_ENABLE_OBJC_ARC = YES;
				CLANG_ENABLE_OBJC_WEAK = YES;
				CLANG_WARN_BLOCK_CAPTURE_AUTORELEASING = YES;
				CLANG_WARN_BOOL_CONVERSION = YES;
				CLANG_WARN_COMMA = YES;
				CLANG_WARN_CONSTANT_CONVERSION = YES;
				CLANG_WARN_DEPRECATED_OBJC_IMPLEMENTATIONS = YES;
				CLANG_WARN_DIRECT_OBJC_ISA_USAGE = YES_ERROR;
				CLANG_WARN_DOCUMENTATION_COMMENTS = YES;
				CLANG_WARN_EMPTY_BODY = YES;
				CLANG_WARN_ENUM_CONVERSION = YES;
				CLANG_WARN_INFINITE_RECURSION = YES;
				CLANG_WARN_INT_CONVERSION = YES;
				CLANG_WARN_NON_LITERAL_NULL_CONVERSION = YES;
				CLANG_WARN_OBJC_IMPLICIT_RETAIN_SELF = YES;
				CLANG_WARN_OBJC_LITERAL_CONVERSION = YES;
				CLANG_WARN_OBJC_ROOT_CLASS = YES_ERROR;
				CLANG_WARN_QUOTED_INCLUDE_IN_FRAMEWORK_HEADER = YES;
				CLANG_WARN_RANGE_LOOP_ANALYSIS = YES;
				CLANG_WARN_STRICT_PROTOTYPES = YES;
				CLANG_WARN_SUSPICIOUS_MOVE = YES;
				CLANG_WARN_UNGUARDED_AVAILABILITY = YES_AGGRESSIVE;
				CLANG_WARN_UNREACHABLE_CODE = YES;
				CLANG_WARN__DUPLICATE_METHOD_MATCH = YES;
				COPY_PHASE_STRIP = NO;
				DEBUG_INFORMATION_FORMAT = dwarf;
				ENABLE_STRICT_OBJC_MSGSEND = YES;
				ENABLE_TESTABILITY = YES;
				GCC_C_LANGUAGE_STANDARD = gnu11;
				GCC_DYNAMIC_NO_PIC = NO;
				GCC_NO_COMMON_BLOCKS = YES;
				GCC_OPTIMIZATION_LEVEL = 0;
				GCC_PREPROCESSOR_DEFINITIONS = (
					"DEBUG=1",
					"$(inherited)",
				);
				GCC_WARN_64_TO_32_BIT_CONVERSION = YES;
				GCC_WARN_ABOUT_RETURN_TYPE = YES_ERROR;
				GCC_WARN_UNDECLARED_SELECTOR = YES;
				GCC_WARN_UNINITIALIZED_AUTOS = YES_AGGRESSIVE;
				GCC_WARN_UNUSED_FUNCTION = YES;
				GCC_WARN_UNUSED_VARIABLE = YES;
				IPHONEOS_DEPLOYMENT_TARGET = 14.4;
				MTL_ENABLE_DEBUG_INFO = INCLUDE_SOURCE;
				MTL_FAST_MATH = YES;
				ONLY_ACTIVE_ARCH = YES;
				SDKROOT = iphoneos;
				SWIFT_ACTIVE_COMPILATION_CONDITIONS = DEBUG;
				SWIFT_OPTIMIZATION_LEVEL = "-Onone";
			};
			name = Debug;
		};
		627C57BC262B2D7700E72DC8 /* Release */ = {
			isa = XCBuildConfiguration;
			buildSettings = {
				ALWAYS_SEARCH_USER_PATHS = NO;
				CLANG_ANALYZER_NONNULL = YES;
				CLANG_ANALYZER_NUMBER_OBJECT_CONVERSION = YES_AGGRESSIVE;
				CLANG_CXX_LANGUAGE_STANDARD = "gnu++14";
				CLANG_CXX_LIBRARY = "libc++";
				CLANG_ENABLE_MODULES = YES;
				CLANG_ENABLE_OBJC_ARC = YES;
				CLANG_ENABLE_OBJC_WEAK = YES;
				CLANG_WARN_BLOCK_CAPTURE_AUTORELEASING = YES;
				CLANG_WARN_BOOL_CONVERSION = YES;
				CLANG_WARN_COMMA = YES;
				CLANG_WARN_CONSTANT_CONVERSION = YES;
				CLANG_WARN_DEPRECATED_OBJC_IMPLEMENTATIONS = YES;
				CLANG_WARN_DIRECT_OBJC_ISA_USAGE = YES_ERROR;
				CLANG_WARN_DOCUMENTATION_COMMENTS = YES;
				CLANG_WARN_EMPTY_BODY = YES;
				CLANG_WARN_ENUM_CONVERSION = YES;
				CLANG_WARN_INFINITE_RECURSION = YES;
				CLANG_WARN_INT_CONVERSION = YES;
				CLANG_WARN_NON_LITERAL_NULL_CONVERSION = YES;
				CLANG_WARN_OBJC_IMPLICIT_RETAIN_SELF = YES;
				CLANG_WARN_OBJC_LITERAL_CONVERSION = YES;
				CLANG_WARN_OBJC_ROOT_CLASS = YES_ERROR;
				CLANG_WARN_QUOTED_INCLUDE_IN_FRAMEWORK_HEADER = YES;
				CLANG_WARN_RANGE_LOOP_ANALYSIS = YES;
				CLANG_WARN_STRICT_PROTOTYPES = YES;
				CLANG_WARN_SUSPICIOUS_MOVE = YES;
				CLANG_WARN_UNGUARDED_AVAILABILITY = YES_AGGRESSIVE;
				CLANG_WARN_UNREACHABLE_CODE = YES;
				CLANG_WARN__DUPLICATE_METHOD_MATCH = YES;
				COPY_PHASE_STRIP = NO;
				DEBUG_INFORMATION_FORMAT = "dwarf-with-dsym";
				ENABLE_NS_ASSERTIONS = NO;
				ENABLE_STRICT_OBJC_MSGSEND = YES;
				GCC_C_LANGUAGE_STANDARD = gnu11;
				GCC_NO_COMMON_BLOCKS = YES;
				GCC_WARN_64_TO_32_BIT_CONVERSION = YES;
				GCC_WARN_ABOUT_RETURN_TYPE = YES_ERROR;
				GCC_WARN_UNDECLARED_SELECTOR = YES;
				GCC_WARN_UNINITIALIZED_AUTOS = YES_AGGRESSIVE;
				GCC_WARN_UNUSED_FUNCTION = YES;
				GCC_WARN_UNUSED_VARIABLE = YES;
				IPHONEOS_DEPLOYMENT_TARGET = 14.4;
				MTL_ENABLE_DEBUG_INFO = NO;
				MTL_FAST_MATH = YES;
				SDKROOT = iphoneos;
				SWIFT_COMPILATION_MODE = wholemodule;
				SWIFT_OPTIMIZATION_LEVEL = "-O";
				VALIDATE_PRODUCT = YES;
			};
			name = Release;
		};
		627C57BE262B2D7700E72DC8 /* Debug */ = {
			isa = XCBuildConfiguration;
			buildSettings = {
				ASSETCATALOG_COMPILER_APPICON_NAME = AppIcon;
				ASSETCATALOG_COMPILER_GLOBAL_ACCENT_COLOR_NAME = AccentColor;
				CODE_SIGN_STYLE = Automatic;
				DEVELOPMENT_ASSET_PATHS = "\"Fructus/Preview Content\"";
				DEVELOPMENT_TEAM = GZB2A49BQ8;
				ENABLE_PREVIEWS = YES;
				INFOPLIST_FILE = Fructus/Info.plist;
				IPHONEOS_DEPLOYMENT_TARGET = 14.0;
				LD_RUNPATH_SEARCH_PATHS = (
					"$(inherited)",
					"@executable_path/Frameworks",
				);
				PRODUCT_BUNDLE_IDENTIFIER = app.a1softwares.Fructus;
				PRODUCT_NAME = "$(TARGET_NAME)";
				SWIFT_VERSION = 5.0;
				TARGETED_DEVICE_FAMILY = "1,2";
			};
			name = Debug;
		};
		627C57BF262B2D7700E72DC8 /* Release */ = {
			isa = XCBuildConfiguration;
			buildSettings = {
				ASSETCATALOG_COMPILER_APPICON_NAME = AppIcon;
				ASSETCATALOG_COMPILER_GLOBAL_ACCENT_COLOR_NAME = AccentColor;
				CODE_SIGN_STYLE = Automatic;
				DEVELOPMENT_ASSET_PATHS = "\"Fructus/Preview Content\"";
				DEVELOPMENT_TEAM = GZB2A49BQ8;
				ENABLE_PREVIEWS = YES;
				INFOPLIST_FILE = Fructus/Info.plist;
				IPHONEOS_DEPLOYMENT_TARGET = 14.0;
				LD_RUNPATH_SEARCH_PATHS = (
					"$(inherited)",
					"@executable_path/Frameworks",
				);
				PRODUCT_BUNDLE_IDENTIFIER = app.a1softwares.Fructus;
				PRODUCT_NAME = "$(TARGET_NAME)";
				SWIFT_VERSION = 5.0;
				TARGETED_DEVICE_FAMILY = "1,2";
			};
			name = Release;
		};
/* End XCBuildConfiguration section */

/* Begin XCConfigurationList section */
		627C57A9262B2D7600E72DC8 /* Build configuration list for PBXProject "Fructus" */ = {
			isa = XCConfigurationList;
			buildConfigurations = (
				627C57BB262B2D7700E72DC8 /* Debug */,
				627C57BC262B2D7700E72DC8 /* Release */,
			);
			defaultConfigurationIsVisible = 0;
			defaultConfigurationName = Release;
		};
		627C57BD262B2D7700E72DC8 /* Build configuration list for PBXNativeTarget "Fructus" */ = {
			isa = XCConfigurationList;
			buildConfigurations = (
				627C57BE262B2D7700E72DC8 /* Debug */,
				627C57BF262B2D7700E72DC8 /* Release */,
			);
			defaultConfigurationIsVisible = 0;
			defaultConfigurationName = Release;
		};
/* End XCConfigurationList section */
	};
	rootObject = 627C57A6262B2D7600E72DC8 /* Project object */;
}
